lockfileVersion: '9.0'

settings:
  autoInstallPeers: true
  excludeLinksFromLockfile: false

importers:

  .:
    dependencies:
      '@electric-sql/react':
        specifier: ^1.0.4
        version: 1.0.4(react@19.1.0)
      '@tanstack/react-optimistic':
        specifier: ^0.0.3
        version: 0.0.3(@electric-sql/client@1.0.4)(react-dom@19.1.0(react@19.1.0))(react@19.1.0)(typescript@5.8.3)
      react:
        specifier: ^19.1.0
        version: 19.1.0
      react-dom:
        specifier: ^19.1.0
        version: 19.1.0(react@19.1.0)
    devDependencies:
      '@types/react':
        specifier: ^19.1.3
        version: 19.1.3
      '@types/react-dom':
        specifier: ^19.1.3
        version: 19.1.3(@types/react@19.1.3)

packages:

  '@electric-sql/client@1.0.4':
    resolution: {integrity: sha512-kyywKJNYvbzuAXfykPm537axuFjvpCxGWCKfOLeziNNMEM5LY81UfpEV450gKqPN2Fws51VL0tLgRTTYEPOzrg==}

  '@electric-sql/d2ts@0.1.4':
    resolution: {integrity: sha512-Dv16cDexD1RzrNvIpZPdLF1xVuoe3+j/UjoO84Y3n939UH4sIEF9o8SCVyIo2ngOKMoVXajb2mBI2Ko7Sss8Tw==}
    peerDependencies:
      '@electric-sql/client': '>=1.0.0-beta.4'
      better-sqlite3: ^11.7.0
    peerDependenciesMeta:
      '@electric-sql/client':
        optional: true
      better-sqlite3:
        optional: true

  '@electric-sql/react@1.0.4':
    resolution: {integrity: sha512-Ye0kLYJ6HrKPiFpp7i+OzWkmOc00YsrxVhZHvSsKuIMnxnewTrBi+Ku+N8E0cfMoc8r+078TEfvVlEA/xyuqIw==}
    peerDependencies:
      react: '>=18.3.1 <20.0.0'
    peerDependenciesMeta:
      react:
        optional: true

  '@rollup/rollup-darwin-arm64@4.40.2':
    resolution: {integrity: sha512-Gzf1Hn2Aoe8VZzevHostPX23U7N5+4D36WJNHK88NZHCJr7aVMG4fadqkIf72eqVPGjGc0HJHNuUaUcxiR+N/w==}
    cpu: [arm64]
    os: [darwin]

  '@standard-schema/spec@1.0.0':
    resolution: {integrity: sha512-m2bOd0f2RT9k8QJx1JN85cZYyH1RqFBdlwtkSlf4tBDYLCiiZnv1fIIwacK6cqwXavOydf0NPToMQgpKq+dVlA==}

  '@tanstack/optimistic@0.0.3':
    resolution: {integrity: sha512-gZ+KvtWZXjghIz/plOW894h/up3NRo4+cGOfLJ9OvBS6eXr/uqTwIsgOfM1AW/rIM+GSQKK/TEwb3s5dBuOoVQ==}
    peerDependencies:
      typescript: '>=4.7'

  '@tanstack/react-optimistic@0.0.3':
    resolution: {integrity: sha512-7G1WWlmxegPAqu9SKYA2IP2c1SWsxS/2ifv0oP3U+E4XtYiN2IR7Y2gR1xHSXes1NEId32BSLFJZYAaLFJtwEQ==}
    peerDependencies:
      '@electric-sql/client': 1.0.0
      react: '>=16.8.0'

  '@tanstack/react-store@0.7.0':
    resolution: {integrity: sha512-S/Rq17HaGOk+tQHV/yrePMnG1xbsKZIl/VsNWnNXt4XW+tTY8dTlvpJH2ZQ3GRALsusG5K6Q3unAGJ2pd9W/Ng==}
    peerDependencies:
      react: ^16.8.0 || ^17.0.0 || ^18.0.0 || ^19.0.0
      react-dom: ^16.8.0 || ^17.0.0 || ^18.0.0 || ^19.0.0

  '@tanstack/store@0.7.0':
    resolution: {integrity: sha512-CNIhdoUsmD2NolYuaIs8VfWM467RK6oIBAW4nPEKZhg1smZ+/CwtCdpURgp7nxSqOaV9oKkzdWD80+bC66F/Jg==}

  '@types/react-dom@19.1.3':
    resolution: {integrity: sha512-rJXC08OG0h3W6wDMFxQrZF00Kq6qQvw0djHRdzl3U5DnIERz0MRce3WVc7IS6JYBwtaP/DwYtRRjVlvivNveKg==}
    peerDependencies:
      '@types/react': ^19.0.0

  '@types/react@19.1.3':
    resolution: {integrity: sha512-dLWQ+Z0CkIvK1J8+wrDPwGxEYFA4RAyHoZPxHVGspYmFVnwGSNT24cGIhFJrtfRnWVuW8X7NO52gCXmhkVUWGQ==}

  csstype@3.1.3:
    resolution: {integrity: sha512-M1uQkMl8rQK/szD0LNhtqxIPLpimGm8sOBwU7lLnCpSbTyY3yeU1Vc7l4KT5zT4s/yOxHH5O7tIuuLOCnLADRw==}

  fractional-indexing@3.2.0:
    resolution: {integrity: sha512-PcOxmqwYCW7O2ovKRU8OoQQj2yqTfEB/yeTYk4gPid6dN5ODRfU1hXd9tTVZzax/0NkO7AxpHykvZnT1aYp/BQ==}
    engines: {node: ^14.13.1 || >=16.0.0}

  react-dom@19.1.0:
    resolution: {integrity: sha512-Xs1hdnE+DyKgeHJeJznQmYMIBG3TKIHJJT95Q58nHLSrElKlGQqDTR2HQ9fx5CN/Gk6Vh/kupBTDLU11/nDk/g==}
    peerDependencies:
      react: ^19.1.0

  react@19.1.0:
    resolution: {integrity: sha512-FS+XFBNvn3GTAWq26joslQgWNoFu08F4kl0J4CgdNKADkdSGXQyTCnKteIAJy96Br6YbpEU1LSzV5dYtjMkMDg==}
    engines: {node: '>=0.10.0'}

  scheduler@0.26.0:
    resolution: {integrity: sha512-NlHwttCI/l5gCPR3D1nNXtWABUmBwvZpEQiD4IXSbIDq8BzLIK/7Ir5gTFSGZDUu37K5cMNp0hFtzO38sC7gWA==}

  typescript@5.8.3:
    resolution: {integrity: sha512-p1diW6TqL9L07nNxvRMM7hMMw4c5XOo/1ibL4aAIGmSAt9slTE1Xgw5KWuof2uTOvCg9BY7ZRi+GaF+7sfgPeQ==}
    engines: {node: '>=14.17'}
    hasBin: true

  use-sync-external-store@1.5.0:
    resolution: {integrity: sha512-Rb46I4cGGVBmjamjphe8L/UnvJD+uPPtTkNvX5mZgqdbavhI4EbgIWJiIHXJ8bc/i9EQGPRh4DwEURJ552Do0A==}
    peerDependencies:
      react: ^16.8.0 || ^17.0.0 || ^18.0.0 || ^19.0.0

snapshots:

  '@electric-sql/client@1.0.4':
    optionalDependencies:
      '@rollup/rollup-darwin-arm64': 4.40.2

  '@electric-sql/d2ts@0.1.4(@electric-sql/client@1.0.4)':
    dependencies:
      fractional-indexing: 3.2.0
    optionalDependencies:
      '@electric-sql/client': 1.0.4

  '@electric-sql/react@1.0.4(react@19.1.0)':
    dependencies:
      '@electric-sql/client': 1.0.4
      use-sync-external-store: 1.5.0(react@19.1.0)
    optionalDependencies:
      react: 19.1.0

  '@rollup/rollup-darwin-arm64@4.40.2':
    optional: true

  '@standard-schema/spec@1.0.0': {}

  '@tanstack/optimistic@0.0.3(@electric-sql/client@1.0.4)(typescript@5.8.3)':
    dependencies:
      '@electric-sql/d2ts': 0.1.4(@electric-sql/client@1.0.4)
      '@standard-schema/spec': 1.0.0
      '@tanstack/store': 0.7.0
      typescript: 5.8.3
    transitivePeerDependencies:
      - '@electric-sql/client'
      - better-sqlite3

  '@tanstack/react-optimistic@0.0.3(@electric-sql/client@1.0.4)(react-dom@19.1.0(react@19.1.0))(react@19.1.0)(typescript@5.8.3)':
    dependencies:
      '@electric-sql/client': 1.0.4
      '@tanstack/optimistic': 0.0.3(@electric-sql/client@1.0.4)(typescript@5.8.3)
      '@tanstack/react-store': 0.7.0(react-dom@19.1.0(react@19.1.0))(react@19.1.0)
      '@tanstack/store': 0.7.0
      react: 19.1.0
      use-sync-external-store: 1.5.0(react@19.1.0)
    transitivePeerDependencies:
      - better-sqlite3
      - react-dom
      - typescript

  '@tanstack/react-store@0.7.0(react-dom@19.1.0(react@19.1.0))(react@19.1.0)':
    dependencies:
      '@tanstack/store': 0.7.0
      react: 19.1.0
      react-dom: 19.1.0(react@19.1.0)
      use-sync-external-store: 1.5.0(react@19.1.0)

  '@tanstack/store@0.7.0': {}

  '@types/react-dom@19.1.3(@types/react@19.1.3)':
    dependencies:
      '@types/react': 19.1.3

  '@types/react@19.1.3':
    dependencies:
      csstype: 3.1.3

  csstype@3.1.3: {}

  fractional-indexing@3.2.0: {}

  react-dom@19.1.0(react@19.1.0):
    dependencies:
      react: 19.1.0
      scheduler: 0.26.0

  react@19.1.0: {}

  scheduler@0.26.0: {}

  typescript@5.8.3: {}

  use-sync-external-store@1.5.0(react@19.1.0):
    dependencies:
      react: 19.1.0
